
Microsoft Visual Studio Solution File, Format Version 12.00
# Visual Studio 15
VisualStudioVersion = 15.0.28307.421
MinimumVisualStudioVersion = 10.0.40219.1
Project("{888888A0-9F3D-457C-B088-3A5042F75D52}") = "Proy", "Proy\Proy.pyproj", "{28EA8C8F-DAAC-4F19-8F20-7DC20B2DC49F}"
EndProject
Global
	GlobalSection(SolutionConfigurationPlatforms) = preSolution
		Debug|Any CPU = Debug|Any CPU
		Release|Any CPU = Release|Any CPU
	EndGlobalSection
	GlobalSection(ProjectConfigurationPlatforms) = postSolution
		{28EA8C8F-DAAC-4F19-8F20-7DC20B2DC49F}.Debug|Any CPU.ActiveCfg = Debug|Any CPU
		{28EA8C8F-DAAC-4F19-8F20-7DC20B2DC49F}.Debug|Any CPU.Build.0 = Debug|Any CPU
		{28EA8C8F-DAAC-4F19-8F20-7DC20B2DC49F}.Release|Any CPU.ActiveCfg = Release|Any CPU
		{28EA8C8F-DAAC-4F19-8F20-7DC20B2DC49F}.Release|Any CPU.Build.0 = Release|Any CPU
	EndGlobalSection
	GlobalSection(SolutionProperties) = preSolution
		HideSolutionNode = FALSE
	EndGlobalSection
	GlobalSection(ExtensibilityGlobals) = postSolution
		SolutionGuid = {621AB10F-6A94-418B-AF71-637EA8C09533}
	EndGlobalSection
EndGlobal
